
Microsoft Visual Studio Solution File, Format Version 12.00
# Visual Studio Version 17
VisualStudioVersion = 17.9.34728.123
MinimumVisualStudioVersion = 10.0.40219.1
Project("{FAE04EC0-301F-11D3-BF4B-00C04F79EFBC}") = "UIBlackjack", "UIBlackjack\UIBlackjack.csproj", "{B0DAC005-945F-42C3-8C96-2C5744F6419F}"
EndProject
Global
	GlobalSection(SolutionConfigurationPlatforms) = preSolution
		Debug|Any CPU = Debug|Any CPU
		Release|Any CPU = Release|Any CPU
	EndGlobalSection
	GlobalSection(ProjectConfigurationPlatforms) = postSolution
		{B0DAC005-945F-42C3-8C96-2C5744F6419F}.Debug|Any CPU.ActiveCfg = Debug|Any CPU
		{B0DAC005-945F-42C3-8C96-2C5744F6419F}.Debug|Any CPU.Build.0 = Debug|Any CPU
		{B0DAC005-945F-42C3-8C96-2C5744F6419F}.Debug|Any CPU.Deploy.0 = Debug|Any CPU
		{B0DAC005-945F-42C3-8C96-2C5744F6419F}.Release|Any CPU.ActiveCfg = Release|Any CPU
		{B0DAC005-945F-42C3-8C96-2C5744F6419F}.Release|Any CPU.Build.0 = Release|Any CPU
		{B0DAC005-945F-42C3-8C96-2C5744F6419F}.Release|Any CPU.Deploy.0 = Release|Any CPU
	EndGlobalSection
	GlobalSection(SolutionProperties) = preSolution
		HideSolutionNode = FALSE
	EndGlobalSection
	GlobalSection(ExtensibilityGlobals) = postSolution
		SolutionGuid = {DB20910C-6C62-4F5B-85D1-B6388D3A9F86}
	EndGlobalSection
EndGlobal
